{
  "version": 4,
  "terraform_version": "1.4.6",
  "serial": 5,
  "lineage": "40200eea-c9c0-e8f2-f78c-e2f891c0a1a4",
  "outputs": {},
  "resources": [
    {
      "mode": "managed",
      "type": "azurerm_resource_group",
      "name": "rg_teste",
      "provider": "provider[\"registry.terraform.io/hashicorp/azurerm\"]",
      "instances": [
        {
          "schema_version": 0,
          "attributes": {
            "id": "/subscriptions/3dea800c-d3a9-4970-8b2e-2df0a1a901d1/resourceGroups/rg-app-prod",
            "location": "eastus",
            "name": "rg-app-prod",
            "tags": {
              "Ambiente": "Produção",
              "Projeto": "Labs",
              "Responsavel": "Marcelo Goncalves",
              "Treinamento": "Terraform"
            },
            "timeouts": null
          },
          "sensitive_attributes": [],
          "private": "eyJlMmJmYjczMC1lY2FhLTExZTYtOGY4OC0zNDM2M2JjN2M0YzAiOnsiY3JlYXRlIjo1NDAwMDAwMDAwMDAwLCJkZWxldGUiOjU0MDAwMDAwMDAwMDAsInJlYWQiOjMwMDAwMDAwMDAwMCwidXBkYXRlIjo1NDAwMDAwMDAwMDAwfX0="
        }
      ]
    }
  ],
  "check_results": null
}
